
Microsoft Visual Studio Solution File, Format Version 12.00
# Visual Studio Version 16
VisualStudioVersion = 16.0.31624.102
MinimumVisualStudioVersion = 10.0.40219.1
Project("{FAE04EC0-301F-11D3-BF4B-00C04F79EFBC}") = "ApiCatalogoJogos", "ApiCatalogoJogos.csproj", "{C043F061-79E6-41FE-8A33-23ACFD9F3450}"
EndProject
Global
	GlobalSection(SolutionConfigurationPlatforms) = preSolution
		Debug|Any CPU = Debug|Any CPU
		Release|Any CPU = Release|Any CPU
	EndGlobalSection
	GlobalSection(ProjectConfigurationPlatforms) = postSolution
		{C043F061-79E6-41FE-8A33-23ACFD9F3450}.Debug|Any CPU.ActiveCfg = Debug|Any CPU
		{C043F061-79E6-41FE-8A33-23ACFD9F3450}.Debug|Any CPU.Build.0 = Debug|Any CPU
		{C043F061-79E6-41FE-8A33-23ACFD9F3450}.Release|Any CPU.ActiveCfg = Release|Any CPU
		{C043F061-79E6-41FE-8A33-23ACFD9F3450}.Release|Any CPU.Build.0 = Release|Any CPU
	EndGlobalSection
	GlobalSection(SolutionProperties) = preSolution
		HideSolutionNode = FALSE
	EndGlobalSection
	GlobalSection(ExtensibilityGlobals) = postSolution
		SolutionGuid = {8028D1F4-398E-4FD7-93DB-8D572BF1864B}
	EndGlobalSection
EndGlobal
